
Microsoft Visual Studio Solution File, Format Version 12.00
# Visual Studio Version 17
VisualStudioVersion = 17.3.32929.385
MinimumVisualStudioVersion = 10.0.40219.1
Project("{FAE04EC0-301F-11D3-BF4B-00C04F79EFBC}") = "AppLogger", "AppLogger\AppLogger.csproj", "{148ABACF-2FBA-47E4-908C-E418812A3334}"
EndProject
Global
	GlobalSection(SolutionConfigurationPlatforms) = preSolution
		Debug|Any CPU = Debug|Any CPU
		Release|Any CPU = Release|Any CPU
	EndGlobalSection
	GlobalSection(ProjectConfigurationPlatforms) = postSolution
		{148ABACF-2FBA-47E4-908C-E418812A3334}.Debug|Any CPU.ActiveCfg = Debug|Any CPU
		{148ABACF-2FBA-47E4-908C-E418812A3334}.Debug|Any CPU.Build.0 = Debug|Any CPU
		{148ABACF-2FBA-47E4-908C-E418812A3334}.Release|Any CPU.ActiveCfg = Release|Any CPU
		{148ABACF-2FBA-47E4-908C-E418812A3334}.Release|Any CPU.Build.0 = Release|Any CPU
	EndGlobalSection
	GlobalSection(SolutionProperties) = preSolution
		HideSolutionNode = FALSE
	EndGlobalSection
	GlobalSection(ExtensibilityGlobals) = postSolution
		SolutionGuid = {814124CF-FA69-45F9-8503-6FE876457DEE}
	EndGlobalSection
EndGlobal
